// !$*UTF8*$!
{
	archiveVersion = 1;
	classes = {
	};
	objectVersion = 55;
	objects = {

/* Begin PBXBuildFile section */
		BA92E634279C8B0200939B09 /* AppDelegate.swift in Sources */ = {isa = PBXBuildFile; fileRef = BA92E633279C8B0200939B09 /* AppDelegate.swift */; };
		BA92E636279C8B0200939B09 /* SceneDelegate.swift in Sources */ = {isa = PBXBuildFile; fileRef = BA92E635279C8B0200939B09 /* SceneDelegate.swift */; };
		BA92E638279C8B0200939B09 /* ViewController.swift in Sources */ = {isa = PBXBuildFile; fileRef = BA92E637279C8B0200939B09 /* ViewController.swift */; };
		BA92E63B279C8B0200939B09 /* Main.storyboard in Resources */ = {isa = PBXBuildFile; fileRef = BA92E639279C8B0200939B09 /* Main.storyboard */; };
		BA92E63D279C8B0500939B09 /* Assets.xcassets in Resources */ = {isa = PBXBuildFile; fileRef = BA92E63C279C8B0500939B09 /* Assets.xcassets */; };
		BA92E640279C8B0500939B09 /* LaunchScreen.storyboard in Resources */ = {isa = PBXBuildFile; fileRef = BA92E63E279C8B0500939B09 /* LaunchScreen.storyboard */; };
		BA92E649279C8B6500939B09 /* SecondViewController.swift in Sources */ = {isa = PBXBuildFile; fileRef = BA92E648279C8B6500939B09 /* SecondViewController.swift */; };
		BA92E64B279C8B8D00939B09 /* SecondViewController.storyboard in Resources */ = {isa = PBXBuildFile; fileRef = BA92E64A279C8B8D00939B09 /* SecondViewController.storyboard */; };
		BA92E64F279C8ED000939B09 /* SomeStruct.swift in Sources */ = {isa = PBXBuildFile; fileRef = BA92E64E279C8ED000939B09 /* SomeStruct.swift */; };
/* End PBXBuildFile section */

/* Begin PBXFileReference section */
		BA92E630279C8B0200939B09 /* Lesson9Task2.app */ = {isa = PBXFileReference; explicitFileType = wrapper.application; includeInIndex = 0; path = Lesson9Task2.app; sourceTree = BUILT_PRODUCTS_DIR; };
		BA92E633279C8B0200939B09 /* AppDelegate.swift */ = {isa = PBXFileReference; lastKnownFileType = sourcecode.swift; path = AppDelegate.swift; sourceTree = "<group>"; };
		BA92E635279C8B0200939B09 /* SceneDelegate.swift */ = {isa = PBXFileReference; lastKnownFileType = sourcecode.swift; path = SceneDelegate.swift; sourceTree = "<group>"; };
		BA92E637279C8B0200939B09 /* ViewController.swift */ = {isa = PBXFileReference; lastKnownFileType = sourcecode.swift; path = ViewController.swift; sourceTree = "<group>"; };
		BA92E63A279C8B0200939B09 /* Base */ = {isa = PBXFileReference; lastKnownFileType = file.storyboard; name = Base; path = Base.lproj/Main.storyboard; sourceTree = "<group>"; };
		BA92E63C279C8B0500939B09 /* Assets.xcassets */ = {isa = PBXFileReference; lastKnownFileType = folder.assetcatalog; path = Assets.xcassets; sourceTree = "<group>"; };
		BA92E63F279C8B0500939B09 /* Base */ = {isa = PBXFileReference; lastKnownFileType = file.storyboard; name = Base; path = Base.lproj/LaunchScreen.storyboard; sourceTree = "<group>"; };
		BA92E641279C8B0500939B09 /* Info.plist */ = {isa = PBXFileReference; lastKnownFileType = text.plist.xml; path = Info.plist; sourceTree = "<group>"; };
		BA92E648279C8B6500939B09 /* SecondViewController.swift */ = {isa = PBXFileReference; lastKnownFileType = sourcecode.swift; path = SecondViewController.swift; sourceTree = "<group>"; };
		BA92E64A279C8B8D00939B09 /* SecondViewController.storyboard */ = {isa = PBXFileReference; lastKnownFileType = file.storyboard; path = SecondViewController.storyboard; sourceTree = "<group>"; };
		BA92E64E279C8ED000939B09 /* SomeStruct.swift */ = {isa = PBXFileReference; lastKnownFileType = sourcecode.swift; path = SomeStruct.swift; sourceTree = "<group>"; };
/* End PBXFileReference section */

/* Begin PBXFrameworksBuildPhase section */
		BA92E62D279C8B0200939B09 /* Frameworks */ = {
			isa = PBXFrameworksBuildPhase;
			buildActionMask = 2147483647;
			files = (
			);
			runOnlyForDeploymentPostprocessing = 0;
		};
/* End PBXFrameworksBuildPhase section */

/* Begin PBXGroup section */
		BA92E627279C8B0200939B09 = {
			isa = PBXGroup;
			children = (
				BA92E632279C8B0200939B09 /* Lesson9Task2 */,
				BA92E631279C8B0200939B09 /* Products */,
			);
			sourceTree = "<group>";
		};
		BA92E631279C8B0200939B09 /* Products */ = {
			isa = PBXGroup;
			children = (
				BA92E630279C8B0200939B09 /* Lesson9Task2.app */,
			);
			name = Products;
			sourceTree = "<group>";
		};
		BA92E632279C8B0200939B09 /* Lesson9Task2 */ = {
			isa = PBXGroup;
			children = (
				BA92E633279C8B0200939B09 /* AppDelegate.swift */,
				BA92E635279C8B0200939B09 /* SceneDelegate.swift */,
				BA92E64E279C8ED000939B09 /* SomeStruct.swift */,
				BA92E637279C8B0200939B09 /* ViewController.swift */,
				BA92E647279C8B3800939B09 /* SecondController */,
				BA92E639279C8B0200939B09 /* Main.storyboard */,
				BA92E63C279C8B0500939B09 /* Assets.xcassets */,
				BA92E63E279C8B0500939B09 /* LaunchScreen.storyboard */,
				BA92E641279C8B0500939B09 /* Info.plist */,
			);
			path = Lesson9Task2;
			sourceTree = "<group>";
		};
		BA92E647279C8B3800939B09 /* SecondController */ = {
			isa = PBXGroup;
			children = (
				BA92E648279C8B6500939B09 /* SecondViewController.swift */,
				BA92E64A279C8B8D00939B09 /* SecondViewController.storyboard */,
			);
			path = SecondController;
			sourceTree = "<group>";
		};
/* End PBXGroup section */

/* Begin PBXNativeTarget section */
		BA92E62F279C8B0200939B09 /* Lesson9Task2 */ = {
			isa = PBXNativeTarget;
			buildConfigurationList = BA92E644279C8B0500939B09 /* Build configuration list for PBXNativeTarget "Lesson9Task2" */;
			buildPhases = (
				BA92E62C279C8B0200939B09 /* Sources */,
				BA92E62D279C8B0200939B09 /* Frameworks */,
				BA92E62E279C8B0200939B09 /* Resources */,
			);
			buildRules = (
			);
			dependencies = (
			);
			name = Lesson9Task2;
			productName = Lesson9Task2;
			productReference = BA92E630279C8B0200939B09 /* Lesson9Task2.app */;
			productType = "com.apple.product-type.application";
		};
/* End PBXNativeTarget section */

/* Begin PBXProject section */
		BA92E628279C8B0200939B09 /* Project object */ = {
			isa = PBXProject;
			attributes = {
				BuildIndependentTargetsInParallel = 1;
				LastSwiftUpdateCheck = 1310;
				LastUpgradeCheck = 1310;
				TargetAttributes = {
					BA92E62F279C8B0200939B09 = {
						CreatedOnToolsVersion = 13.1;
					};
				};
			};
			buildConfigurationList = BA92E62B279C8B0200939B09 /* Build configuration list for PBXProject "Lesson9Task2" */;
			compatibilityVersion = "Xcode 13.0";
			developmentRegion = en;
			hasScannedForEncodings = 0;
			knownRegions = (
				en,
				Base,
			);
			mainGroup = BA92E627279C8B0200939B09;
			productRefGroup = BA92E631279C8B0200939B09 /* Products */;
			projectDirPath = "";
			projectRoot = "";
			targets = (
				BA92E62F279C8B0200939B09 /* Lesson9Task2 */,
			);
		};
/* End PBXProject section */

/* Begin PBXResourcesBuildPhase section */
		BA92E62E279C8B0200939B09 /* Resources */ = {
			isa = PBXResourcesBuildPhase;
			buildActionMask = 2147483647;
			files = (
				BA92E640279C8B0500939B09 /* LaunchScreen.storyboard in Resources */,
				BA92E64B279C8B8D00939B09 /* SecondViewController.storyboard in Resources */,
				BA92E63D279C8B0500939B09 /* Assets.xcassets in Resources */,
				BA92E63B279C8B0200939B09 /* Main.storyboard in Resources */,
			);
			runOnlyForDeploymentPostprocessing = 0;
		};
/* End PBXResourcesBuildPhase section */

/* Begin PBXSourcesBuildPhase section */
		BA92E62C279C8B0200939B09 /* Sources */ = {
			isa = PBXSourcesBuildPhase;
			buildActionMask = 2147483647;
			files = (
				BA92E649279C8B6500939B09 /* SecondViewController.swift in Sources */,
				BA92E638279C8B0200939B09 /* ViewController.swift in Sources */,
				BA92E64F279C8ED000939B09 /* SomeStruct.swift in Sources */,
				BA92E634279C8B0200939B09 /* AppDelegate.swift in Sources */,
				BA92E636279C8B0200939B09 /* SceneDelegate.swift in Sources */,
			);
			runOnlyForDeploymentPostprocessing = 0;
		};
/* End PBXSourcesBuildPhase section */

/* Begin PBXVariantGroup section */
		BA92E639279C8B0200939B09 /* Main.storyboard */ = {
			isa = PBXVariantGroup;
			children = (
				BA92E63A279C8B0200939B09 /* Base */,
			);
			name = Main.storyboard;
			sourceTree = "<group>";
		};
		BA92E63E279C8B0500939B09 /* LaunchScreen.storyboard */ = {
			isa = PBXVariantGroup;
			children = (
				BA92E63F279C8B0500939B09 /* Base */,
			);
			name = LaunchScreen.storyboard;
			sourceTree = "<group>";
		};
/* End PBXVariantGroup section */

/* Begin XCBuildConfiguration section */
		BA92E642279C8B0500939B09 /* Debug */ = {
			isa = XCBuildConfiguration;
			buildSettings = {
				ALWAYS_SEARCH_USER_PATHS = NO;
				CLANG_ANALYZER_NONNULL = YES;
				CLANG_ANALYZER_NUMBER_OBJECT_CONVERSION = YES_AGGRESSIVE;
				CLANG_CXX_LANGUAGE_STANDARD = "gnu++17";
				CLANG_CXX_LIBRARY = "libc++";
				CLANG_ENABLE_MODULES = YES;
				CLANG_ENABLE_OBJC_ARC = YES;
				CLANG_ENABLE_OBJC_WEAK = YES;
				CLANG_WARN_BLOCK_CAPTURE_AUTORELEASING = YES;
				CLANG_WARN_BOOL_CONVERSION = YES;
				CLANG_WARN_COMMA = YES;
				CLANG_WARN_CONSTANT_CONVERSION = YES;
				CLANG_WARN_DEPRECATED_OBJC_IMPLEMENTATIONS = YES;
				CLANG_WARN_DIRECT_OBJC_ISA_USAGE = YES_ERROR;
				CLANG_WARN_DOCUMENTATION_COMMENTS = YES;
				CLANG_WARN_EMPTY_BODY = YES;
				CLANG_WARN_ENUM_CONVERSION = YES;
				CLANG_WARN_INFINITE_RECURSION = YES;
				CLANG_WARN_INT_CONVERSION = YES;
				CLANG_WARN_NON_LITERAL_NULL_CONVERSION = YES;
				CLANG_WARN_OBJC_IMPLICIT_RETAIN_SELF = YES;
				CLANG_WARN_OBJC_LITERAL_CONVERSION = YES;
				CLANG_WARN_OBJC_ROOT_CLASS = YES_ERROR;
				CLANG_WARN_QUOTED_INCLUDE_IN_FRAMEWORK_HEADER = YES;
				CLANG_WARN_RANGE_LOOP_ANALYSIS = YES;
				CLANG_WARN_STRICT_PROTOTYPES = YES;
				CLANG_WARN_SUSPICIOUS_MOVE = YES;
				CLANG_WARN_UNGUARDED_AVAILABILITY = YES_AGGRESSIVE;
				CLANG_WARN_UNREACHABLE_CODE = YES;
				CLANG_WARN__DUPLICATE_METHOD_MATCH = YES;
				COPY_PHASE_STRIP = NO;
				DEBUG_INFORMATION_FORMAT = dwarf;
				ENABLE_STRICT_OBJC_MSGSEND = YES;
				ENABLE_TESTABILITY = YES;
				GCC_C_LANGUAGE_STANDARD = gnu11;
				GCC_DYNAMIC_NO_PIC = NO;
				GCC_NO_COMMON_BLOCKS = YES;
				GCC_OPTIMIZATION_LEVEL = 0;
				GCC_PREPROCESSOR_DEFINITIONS = (
					"DEBUG=1",
					"$(inherited)",
				);
				GCC_WARN_64_TO_32_BIT_CONVERSION = YES;
				GCC_WARN_ABOUT_RETURN_TYPE = YES_ERROR;
				GCC_WARN_UNDECLARED_SELECTOR = YES;
				GCC_WARN_UNINITIALIZED_AUTOS = YES_AGGRESSIVE;
				GCC_WARN_UNUSED_FUNCTION = YES;
				GCC_WARN_UNUSED_VARIABLE = YES;
				IPHONEOS_DEPLOYMENT_TARGET = 15.0;
				MTL_ENABLE_DEBUG_INFO = INCLUDE_SOURCE;
				MTL_FAST_MATH = YES;
				ONLY_ACTIVE_ARCH = YES;
				SDKROOT = iphoneos;
				SWIFT_ACTIVE_COMPILATION_CONDITIONS = DEBUG;
				SWIFT_OPTIMIZATION_LEVEL = "-Onone";
			};
			name = Debug;
		};
		BA92E643279C8B0500939B09 /* Release */ = {
			isa = XCBuildConfiguration;
			buildSettings = {
				ALWAYS_SEARCH_USER_PATHS = NO;
				CLANG_ANALYZER_NONNULL = YES;
				CLANG_ANALYZER_NUMBER_OBJECT_CONVERSION = YES_AGGRESSIVE;
				CLANG_CXX_LANGUAGE_STANDARD = "gnu++17";
				CLANG_CXX_LIBRARY = "libc++";
				CLANG_ENABLE_MODULES = YES;
				CLANG_ENABLE_OBJC_ARC = YES;
				CLANG_ENABLE_OBJC_WEAK = YES;
				CLANG_WARN_BLOCK_CAPTURE_AUTORELEASING = YES;
				CLANG_WARN_BOOL_CONVERSION = YES;
				CLANG_WARN_COMMA = YES;
				CLANG_WARN_CONSTANT_CONVERSION = YES;
				CLANG_WARN_DEPRECATED_OBJC_IMPLEMENTATIONS = YES;
				CLANG_WARN_DIRECT_OBJC_ISA_USAGE = YES_ERROR;
				CLANG_WARN_DOCUMENTATION_COMMENTS = YES;
				CLANG_WARN_EMPTY_BODY = YES;
				CLANG_WARN_ENUM_CONVERSION = YES;
				CLANG_WARN_INFINITE_RECURSION = YES;
				CLANG_WARN_INT_CONVERSION = YES;
				CLANG_WARN_NON_LITERAL_NULL_CONVERSION = YES;
				CLANG_WARN_OBJC_IMPLICIT_RETAIN_SELF = YES;
				CLANG_WARN_OBJC_LITERAL_CONVERSION = YES;
				CLANG_WARN_OBJC_ROOT_CLASS = YES_ERROR;
				CLANG_WARN_QUOTED_INCLUDE_IN_FRAMEWORK_HEADER = YES;
				CLANG_WARN_RANGE_LOOP_ANALYSIS = YES;
				CLANG_WARN_STRICT_PROTOTYPES = YES;
				CLANG_WARN_SUSPICIOUS_MOVE = YES;
				CLANG_WARN_UNGUARDED_AVAILABILITY = YES_AGGRESSIVE;
				CLANG_WARN_UNREACHABLE_CODE = YES;
				CLANG_WARN__DUPLICATE_METHOD_MATCH = YES;
				COPY_PHASE_STRIP = NO;
				DEBUG_INFORMATION_FORMAT = "dwarf-with-dsym";
				ENABLE_NS_ASSERTIONS = NO;
				ENABLE_STRICT_OBJC_MSGSEND = YES;
				GCC_C_LANGUAGE_STANDARD = gnu11;
				GCC_NO_COMMON_BLOCKS = YES;
				GCC_WARN_64_TO_32_BIT_CONVERSION = YES;
				GCC_WARN_ABOUT_RETURN_TYPE = YES_ERROR;
				GCC_WARN_UNDECLARED_SELECTOR = YES;
				GCC_WARN_UNINITIALIZED_AUTOS = YES_AGGRESSIVE;
				GCC_WARN_UNUSED_FUNCTION = YES;
				GCC_WARN_UNUSED_VARIABLE = YES;
				IPHONEOS_DEPLOYMENT_TARGET = 15.0;
				MTL_ENABLE_DEBUG_INFO = NO;
				MTL_FAST_MATH = YES;
				SDKROOT = iphoneos;
				SWIFT_COMPILATION_MODE = wholemodule;
				SWIFT_OPTIMIZATION_LEVEL = "-O";
				VALIDATE_PRODUCT = YES;
			};
			name = Release;
		};
		BA92E645279C8B0500939B09 /* Debug */ = {
			isa = XCBuildConfiguration;
			buildSettings = {
				ASSETCATALOG_COMPILER_APPICON_NAME = AppIcon;
				ASSETCATALOG_COMPILER_GLOBAL_ACCENT_COLOR_NAME = AccentColor;
				CODE_SIGN_STYLE = Automatic;
				CURRENT_PROJECT_VERSION = 1;
				GENERATE_INFOPLIST_FILE = YES;
				INFOPLIST_FILE = Lesson9Task2/Info.plist;
				INFOPLIST_KEY_UIApplicationSupportsIndirectInputEvents = YES;
				INFOPLIST_KEY_UILaunchStoryboardName = LaunchScreen;
				INFOPLIST_KEY_UIMainStoryboardFile = Main;
				INFOPLIST_KEY_UISupportedInterfaceOrientations_iPad = "UIInterfaceOrientationPortrait UIInterfaceOrientationPortraitUpsideDown UIInterfaceOrientationLandscapeLeft UIInterfaceOrientationLandscapeRight";
				INFOPLIST_KEY_UISupportedInterfaceOrientations_iPhone = "UIInterfaceOrientationPortrait UIInterfaceOrientationLandscapeLeft UIInterfaceOrientationLandscapeRight";
				LD_RUNPATH_SEARCH_PATHS = (
					"$(inherited)",
					"@executable_path/Frameworks",
				);
				MARKETING_VERSION = 1.0;
				PRODUCT_BUNDLE_IDENTIFIER = com.Test.Lesson9Task2;
				PRODUCT_NAME = "$(TARGET_NAME)";
				SWIFT_EMIT_LOC_STRINGS = YES;
				SWIFT_VERSION = 5.0;
				TARGETED_DEVICE_FAMILY = "1,2";
			};
			name = Debug;
		};
		BA92E646279C8B0500939B09 /* Release */ = {
			isa = XCBuildConfiguration;
			buildSettings = {
				ASSETCATALOG_COMPILER_APPICON_NAME = AppIcon;
				ASSETCATALOG_COMPILER_GLOBAL_ACCENT_COLOR_NAME = AccentColor;
				CODE_SIGN_STYLE = Automatic;
				CURRENT_PROJECT_VERSION = 1;
				GENERATE_INFOPLIST_FILE = YES;
				INFOPLIST_FILE = Lesson9Task2/Info.plist;
				INFOPLIST_KEY_UIApplicationSupportsIndirectInputEvents = YES;
				INFOPLIST_KEY_UILaunchStoryboardName = LaunchScreen;
				INFOPLIST_KEY_UIMainStoryboardFile = Main;
				INFOPLIST_KEY_UISupportedInterfaceOrientations_iPad = "UIInterfaceOrientationPortrait UIInterfaceOrientationPortraitUpsideDown UIInterfaceOrientationLandscapeLeft UIInterfaceOrientationLandscapeRight";
				INFOPLIST_KEY_UISupportedInterfaceOrientations_iPhone = "UIInterfaceOrientationPortrait UIInterfaceOrientationLandscapeLeft UIInterfaceOrientationLandscapeRight";
				LD_RUNPATH_SEARCH_PATHS = (
					"$(inherited)",
					"@executable_path/Frameworks",
				);
				MARKETING_VERSION = 1.0;
				PRODUCT_BUNDLE_IDENTIFIER = com.Test.Lesson9Task2;
				PRODUCT_NAME = "$(TARGET_NAME)";
				SWIFT_EMIT_LOC_STRINGS = YES;
				SWIFT_VERSION = 5.0;
				TARGETED_DEVICE_FAMILY = "1,2";
			};
			name = Release;
		};
/* End XCBuildConfiguration section */

/* Begin XCConfigurationList section */
		BA92E62B279C8B0200939B09 /* Build configuration list for PBXProject "Lesson9Task2" */ = {
			isa = XCConfigurationList;
			buildConfigurations = (
				BA92E642279C8B0500939B09 /* Debug */,
				BA92E643279C8B0500939B09 /* Release */,
			);
			defaultConfigurationIsVisible = 0;
			defaultConfigurationName = Release;
		};
		BA92E644279C8B0500939B09 /* Build configuration list for PBXNativeTarget "Lesson9Task2" */ = {
			isa = XCConfigurationList;
			buildConfigurations = (
				BA92E645279C8B0500939B09 /* Debug */,
				BA92E646279C8B0500939B09 /* Release */,
			);
			defaultConfigurationIsVisible = 0;
			defaultConfigurationName = Release;
		};
/* End XCConfigurationList section */
	};
	rootObject = BA92E628279C8B0200939B09 /* Project object */;
}
